# This file is generated by running "yarn install" inside your project.
# Manual changes might be lost - proceed with caution!

__metadata:
  version: 5
  cacheKey: 8

"@popperjs/core@npm:^2.9.0":
  version: 2.10.2
  resolution: "@popperjs/core@npm:2.10.2"
  checksum: 43c189e3eb6d032433512d94761b54fc7cae15957ca5528008813f887a67b5760b949f30a5141b476be2ba5a6c677c91def150f603d2d3e30b5e97a5ae51474e
  languageName: node
  linkType: hard

"root-workspace-0b6124@workspace:.":
  version: 0.0.0-use.local
  resolution: "root-workspace-0b6124@workspace:."
  dependencies:
    tippy.js: ^6.3.7
  languageName: unknown
  linkType: soft

"tippy.js@npm:^6.3.7":
  version: 6.3.7
  resolution: "tippy.js@npm:6.3.7"
  dependencies:
    "@popperjs/core": ^2.9.0
  checksum: cac955318a65288e8d2dca05059878b003c6e66f92c94f7810f5bc5448eb6646abdf7dacc9bd00020e2611592598d0aae3a28ec9a45349a159603c3fdddce5fb
  languageName: node
  linkType: hard
